<?xml version="1.0" encoding="utf-8"?>
<Project ToolsVersion="4.0" xmlns="http://schemas.microsoft.com/developer/msbuild/2003">
  <ItemGroup>
    <Filter Include="Source Files">
      <UniqueIdentifier>{4FC737F1-C7A5-4376-A066-2A32D752A2FF}</UniqueIdentifier>
      <Extensions>cpp;c;cc;cxx;def;odl;idl;hpj;bat;asm;asmx</Extensions>
    </Filter>
    <Filter Include="Header Files">
      <UniqueIdentifier>{93995380-89BD-4b04-88EB-625FBE52EBFB}</UniqueIdentifier>
      <Extensions>h;hh;hpp;hxx;hm;inl;inc;xsd</Extensions>
    </Filter>
    <Filter Include="Resource Files">
      <UniqueIdentifier>{67DA6AB6-F800-4c08-8B7A-83BB121AAD01}</UniqueIdentifier>
      <Extensions>rc;ico;cur;bmp;dlg;rc2;rct;bin;rgs;gif;jpg;jpeg;jpe;resx;tiff;tif;png;wav;mfcribbon-ms</Extensions>
    </Filter>
    <Filter Include="Shaders">
      <UniqueIdentifier>{b4e89d7e-979a-4e00-b0ec-590dcc59fec3}</UniqueIdentifier>
    </Filter>
    <Filter Include="bw-assets-parser">
      <UniqueIdentifier>{f3492d4e-a7e9-476b-a2d2-980f4f059c20}</UniqueIdentifier>
    </Filter>
    <Filter Include="bw-assets-parser\Header Files">
      <UniqueIdentifier>{9c11cf21-bb4e-4a86-8012-3e26ef0df54f}</UniqueIdentifier>
    </Filter>
    <Filter Include="bw-assets-parser\Source Files">
      <UniqueIdentifier>{d5830ef5-a854-46df-a44a-a72b2e048021}</UniqueIdentifier>
    </Filter>
  </ItemGroup>
  <ItemGroup>
    <ClInclude Include="cameraclass.h">
      <Filter>Header Files</Filter>
    </ClInclude>
    <ClInclude Include="d3dclass.h">
      <Filter>Header Files</Filter>
    </ClInclude>
    <ClInclude Include="graphicsclass.h">
      <Filter>Header Files</Filter>
    </ClInclude>
    <ClInclude Include="inputclass.h">
      <Filter>Header Files</Filter>
    </ClInclude>
    <ClInclude Include="lightclass.h">
      <Filter>Header Files</Filter>
    </ClInclude>
    <ClInclude Include="modelclass.h">
      <Filter>Header Files</Filter>
    </ClInclude>
    <ClInclude Include="rendertextureclass.h">
      <Filter>Header Files</Filter>
    </ClInclude>
    <ClInclude Include="systemclass.h">
      <Filter>Header Files</Filter>
    </ClInclude>
    <ClInclude Include="textureclass.h">
      <Filter>Header Files</Filter>
    </ClInclude>
    <ClInclude Include="timerclass.h">
      <Filter>Header Files</Filter>
    </ClInclude>
    <ClInclude Include="global.h">
      <Filter>Header Files</Filter>
    </ClInclude>
    <ClInclude Include="Log.h">
      <Filter>Header Files</Filter>
    </ClInclude>
    <ClInclude Include="baseShader.h">
      <Filter>Header Files</Filter>
    </ClInclude>
    <ClInclude Include="fullscreenShader.h">
      <Filter>Header Files</Filter>
    </ClInclude>
    <ClInclude Include="ShaderClass.h">
      <Filter>Header Files</Filter>
    </ClInclude>
    <ClInclude Include="bw-assets-parser\anim_calc.h">
      <Filter>bw-assets-parser\Header Files</Filter>
    </ClInclude>
    <ClInclude Include="bw-assets-parser\array.h">
      <Filter>bw-assets-parser\Header Files</Filter>
    </ClInclude>
    <ClInclude Include="bw-assets-parser\binaryfile.h">
      <Filter>bw-assets-parser\Header Files</Filter>
    </ClInclude>
    <ClInclude Include="bw-assets-parser\indices.h">
      <Filter>bw-assets-parser\Header Files</Filter>
    </ClInclude>
    <ClInclude Include="bw-assets-parser\interpolated_anim.h">
      <Filter>bw-assets-parser\Header Files</Filter>
    </ClInclude>
    <ClInclude Include="bw-assets-parser\math3d.h">
      <Filter>bw-assets-parser\Header Files</Filter>
    </ClInclude>
    <ClInclude Include="bw-assets-parser\primitives.h">
      <Filter>bw-assets-parser\Header Files</Filter>
    </ClInclude>
    <ClInclude Include="bw-assets-parser\pugiconfig.hpp">
      <Filter>bw-assets-parser\Header Files</Filter>
    </ClInclude>
    <ClInclude Include="bw-assets-parser\pugixml.hpp">
      <Filter>bw-assets-parser\Header Files</Filter>
    </ClInclude>
    <ClInclude Include="bw-assets-parser\transform.h">
      <Filter>bw-assets-parser\Header Files</Filter>
    </ClInclude>
    <ClInclude Include="bw-assets-parser\vertexformats.h">
      <Filter>bw-assets-parser\Header Files</Filter>
    </ClInclude>
    <ClInclude Include="bw-assets-parser\vertices.h">
      <Filter>bw-assets-parser\Header Files</Filter>
    </ClInclude>
    <ClInclude Include="bw-assets-parser\visual.h">
      <Filter>bw-assets-parser\Header Files</Filter>
    </ClInclude>
    <ClInclude Include="parser_header.h">
      <Filter>Header Files</Filter>
    </ClInclude>
    <ClInclude Include="BoneNode.h">
      <Filter>Header Files</Filter>
    </ClInclude>
    <ClInclude Include="BW_ModelParser.h">
      <Filter>Header Files</Filter>
    </ClInclude>
    <ClInclude Include="BW_ModelClass.h">
      <Filter>Header Files</Filter>
    </ClInclude>
  </ItemGroup>
  <ItemGroup>
    <ClCompile Include="cameraclass.cpp">
      <Filter>Source Files</Filter>
    </ClCompile>
    <ClCompile Include="d3dclass.cpp">
      <Filter>Source Files</Filter>
    </ClCompile>
    <ClCompile Include="graphicsclass.cpp">
      <Filter>Source Files</Filter>
    </ClCompile>
    <ClCompile Include="inputclass.cpp">
      <Filter>Source Files</Filter>
    </ClCompile>
    <ClCompile Include="lightclass.cpp">
      <Filter>Source Files</Filter>
    </ClCompile>
    <ClCompile Include="main.cpp">
      <Filter>Source Files</Filter>
    </ClCompile>
    <ClCompile Include="modelclass.cpp">
      <Filter>Source Files</Filter>
    </ClCompile>
    <ClCompile Include="rendertextureclass.cpp">
      <Filter>Source Files</Filter>
    </ClCompile>
    <ClCompile Include="systemclass.cpp">
      <Filter>Source Files</Filter>
    </ClCompile>
    <ClCompile Include="textureclass.cpp">
      <Filter>Source Files</Filter>
    </ClCompile>
    <ClCompile Include="timerclass.cpp">
      <Filter>Source Files</Filter>
    </ClCompile>
    <ClCompile Include="Log.cpp">
      <Filter>Source Files</Filter>
    </ClCompile>
    <ClCompile Include="baseShader.cpp">
      <Filter>Source Files</Filter>
    </ClCompile>
    <ClCompile Include="fullscreenShader.cpp">
      <Filter>Source Files</Filter>
    </ClCompile>
    <ClCompile Include="global.cpp">
      <Filter>Source Files</Filter>
    </ClCompile>
    <ClCompile Include="ShaderClass.cpp">
      <Filter>Source Files</Filter>
    </ClCompile>
    <ClCompile Include="bw-assets-parser\anim_calc.cpp">
      <Filter>bw-assets-parser\Source Files</Filter>
    </ClCompile>
    <ClCompile Include="bw-assets-parser\indices.cpp">
      <Filter>bw-assets-parser\Source Files</Filter>
    </ClCompile>
    <ClCompile Include="bw-assets-parser\interpolated_anim.cpp">
      <Filter>bw-assets-parser\Source Files</Filter>
    </ClCompile>
    <ClCompile Include="bw-assets-parser\primitives.cpp">
      <Filter>bw-assets-parser\Source Files</Filter>
    </ClCompile>
    <ClCompile Include="bw-assets-parser\pugixml.cpp">
      <Filter>bw-assets-parser\Source Files</Filter>
    </ClCompile>
    <ClCompile Include="bw-assets-parser\vertices.cpp">
      <Filter>bw-assets-parser\Source Files</Filter>
    </ClCompile>
    <ClCompile Include="bw-assets-parser\visual.cpp">
      <Filter>bw-assets-parser\Source Files</Filter>
    </ClCompile>
    <ClCompile Include="BoneNode.cpp">
      <Filter>Source Files</Filter>
    </ClCompile>
    <ClCompile Include="BW_ModelParser.cpp">
      <Filter>Source Files</Filter>
    </ClCompile>
    <ClCompile Include="BW_ModelClass.cpp">
      <Filter>Source Files</Filter>
    </ClCompile>
  </ItemGroup>
  <ItemGroup>
    <None Include="Shaders\FullScreenProcess.hlsl">
      <Filter>Shaders</Filter>
    </None>
    <None Include="Shaders\FullScreenPS.hlsl">
      <Filter>Shaders</Filter>
    </None>
    <None Include="Shaders\ShaderPS.hlsl">
      <Filter>Shaders</Filter>
    </None>
    <None Include="Shaders\ShaderVS.hlsl">
      <Filter>Shaders</Filter>
    </None>
  </ItemGroup>
</Project>