<?xml version="1.0" encoding="utf-8"?>
<Project ToolsVersion="4.0" xmlns="http://schemas.microsoft.com/developer/msbuild/2003">
  <ItemGroup>
    <Filter Include="Source Files">
      <UniqueIdentifier>{4FC737F1-C7A5-4376-A066-2A32D752A2FF}</UniqueIdentifier>
      <Extensions>cpp;c;cc;cxx;def;odl;idl;hpj;bat;asm;asmx</Extensions>
    </Filter>
    <Filter Include="Header Files">
      <UniqueIdentifier>{93995380-89BD-4b04-88EB-625FBE52EBFB}</UniqueIdentifier>
      <Extensions>h;hh;hpp;hxx;hm;inl;inc;xsd</Extensions>
    </Filter>
    <Filter Include="Resource Files">
      <UniqueIdentifier>{67DA6AB6-F800-4c08-8B7A-83BB121AAD01}</UniqueIdentifier>
      <Extensions>rc;ico;cur;bmp;dlg;rc2;rct;bin;rgs;gif;jpg;jpeg;jpe;resx;tiff;tif;png;wav;mfcribbon-ms</Extensions>
    </Filter>
    <Filter Include="Shaders">
      <UniqueIdentifier>{b4e89d7e-979a-4e00-b0ec-590dcc59fec3}</UniqueIdentifier>
    </Filter>
  </ItemGroup>
  <ItemGroup>
    <ClInclude Include="cameraclass.h">
      <Filter>Header Files</Filter>
    </ClInclude>
    <ClInclude Include="d3dclass.h">
      <Filter>Header Files</Filter>
    </ClInclude>
    <ClInclude Include="graphicsclass.h">
      <Filter>Header Files</Filter>
    </ClInclude>
    <ClInclude Include="inputclass.h">
      <Filter>Header Files</Filter>
    </ClInclude>
    <ClInclude Include="lightclass.h">
      <Filter>Header Files</Filter>
    </ClInclude>
    <ClInclude Include="modelclass.h">
      <Filter>Header Files</Filter>
    </ClInclude>
    <ClInclude Include="positionclass.h">
      <Filter>Header Files</Filter>
    </ClInclude>
    <ClInclude Include="rendertextureclass.h">
      <Filter>Header Files</Filter>
    </ClInclude>
    <ClInclude Include="shadowshaderclass.h">
      <Filter>Header Files</Filter>
    </ClInclude>
    <ClInclude Include="systemclass.h">
      <Filter>Header Files</Filter>
    </ClInclude>
    <ClInclude Include="textureclass.h">
      <Filter>Header Files</Filter>
    </ClInclude>
    <ClInclude Include="timerclass.h">
      <Filter>Header Files</Filter>
    </ClInclude>
    <ClInclude Include="global.h">
      <Filter>Header Files</Filter>
    </ClInclude>
    <ClInclude Include="Log.h">
      <Filter>Header Files</Filter>
    </ClInclude>
    <ClInclude Include="baseShader.h">
      <Filter>Header Files</Filter>
    </ClInclude>
    <ClInclude Include="FpsClass.h">
      <Filter>Header Files</Filter>
    </ClInclude>
    <ClInclude Include="fullscreenShader.h">
      <Filter>Header Files</Filter>
    </ClInclude>
  </ItemGroup>
  <ItemGroup>
    <ClCompile Include="cameraclass.cpp">
      <Filter>Source Files</Filter>
    </ClCompile>
    <ClCompile Include="d3dclass.cpp">
      <Filter>Source Files</Filter>
    </ClCompile>
    <ClCompile Include="graphicsclass.cpp">
      <Filter>Source Files</Filter>
    </ClCompile>
    <ClCompile Include="inputclass.cpp">
      <Filter>Source Files</Filter>
    </ClCompile>
    <ClCompile Include="lightclass.cpp">
      <Filter>Source Files</Filter>
    </ClCompile>
    <ClCompile Include="main.cpp">
      <Filter>Source Files</Filter>
    </ClCompile>
    <ClCompile Include="modelclass.cpp">
      <Filter>Source Files</Filter>
    </ClCompile>
    <ClCompile Include="positionclass.cpp">
      <Filter>Source Files</Filter>
    </ClCompile>
    <ClCompile Include="rendertextureclass.cpp">
      <Filter>Source Files</Filter>
    </ClCompile>
    <ClCompile Include="shadowshaderclass.cpp">
      <Filter>Source Files</Filter>
    </ClCompile>
    <ClCompile Include="systemclass.cpp">
      <Filter>Source Files</Filter>
    </ClCompile>
    <ClCompile Include="textureclass.cpp">
      <Filter>Source Files</Filter>
    </ClCompile>
    <ClCompile Include="timerclass.cpp">
      <Filter>Source Files</Filter>
    </ClCompile>
    <ClCompile Include="Log.cpp">
      <Filter>Source Files</Filter>
    </ClCompile>
    <ClCompile Include="baseShader.cpp">
      <Filter>Source Files</Filter>
    </ClCompile>
    <ClCompile Include="FpsClass.cpp">
      <Filter>Source Files</Filter>
    </ClCompile>
    <ClCompile Include="fullscreenShader.cpp">
      <Filter>Source Files</Filter>
    </ClCompile>
    <ClCompile Include="global.cpp">
      <Filter>Source Files</Filter>
    </ClCompile>
  </ItemGroup>
  <ItemGroup>
    <None Include="Shaders\DeferredPS.hlsl">
      <Filter>Shaders</Filter>
    </None>
    <None Include="Shaders\DeferredVS.hlsl">
      <Filter>Shaders</Filter>
    </None>
    <None Include="Shaders\depthPS.hlsl">
      <Filter>Shaders</Filter>
    </None>
    <None Include="Shaders\depthVS.hlsl">
      <Filter>Shaders</Filter>
    </None>
    <None Include="Shaders\FullScreenProcess.hlsl">
      <Filter>Shaders</Filter>
    </None>
    <None Include="Shaders\FullScreenPS.hlsl">
      <Filter>Shaders</Filter>
    </None>
    <None Include="Shaders\ImpBackwardPS.hlsl">
      <Filter>Shaders</Filter>
    </None>
    <None Include="Shaders\ImpBackwardVS.hlsl">
      <Filter>Shaders</Filter>
    </None>
    <None Include="Shaders\ImpForwardPS.hlsl">
      <Filter>Shaders</Filter>
    </None>
    <None Include="Shaders\RTW_Depth.hlsl">
      <Filter>Shaders</Filter>
    </None>
    <None Include="Shaders\RTWDepth_Tess.hlsl">
      <Filter>Shaders</Filter>
    </None>
    <None Include="Shaders\Shadow_DeferredBackward.hlsl">
      <Filter>Shaders</Filter>
    </None>
    <None Include="Shaders\Shadow_Tess.hlsl">
      <Filter>Shaders</Filter>
    </None>
    <None Include="Shaders\shadowPS.hlsl">
      <Filter>Shaders</Filter>
    </None>
    <None Include="Shaders\shadowVS.hlsl">
      <Filter>Shaders</Filter>
    </None>
    <None Include="Shaders\WarpMapPS.hlsl">
      <Filter>Shaders</Filter>
    </None>
  </ItemGroup>
</Project>